
Microsoft Visual Studio Solution File, Format Version 12.00
# Visual Studio Version 17
VisualStudioVersion = 17.13.35806.99 d17.13
MinimumVisualStudioVersion = 10.0.40219.1
Project("{FAE04EC0-301F-11D3-BF4B-00C04F79EFBC}") = "DoAnCK", "DoAnCK\DoAnCK.csproj", "{9EB31AB1-2B38-439D-A5DF-2C6412181E81}"
EndProject
Global
	GlobalSection(SolutionConfigurationPlatforms) = preSolution
		Debug|Any CPU = Debug|Any CPU
		Release|Any CPU = Release|Any CPU
	EndGlobalSection
	GlobalSection(ProjectConfigurationPlatforms) = postSolution
		{9EB31AB1-2B38-439D-A5DF-2C6412181E81}.Debug|Any CPU.ActiveCfg = Debug|Any CPU
		{9EB31AB1-2B38-439D-A5DF-2C6412181E81}.Debug|Any CPU.Build.0 = Debug|Any CPU
		{9EB31AB1-2B38-439D-A5DF-2C6412181E81}.Release|Any CPU.ActiveCfg = Release|Any CPU
		{9EB31AB1-2B38-439D-A5DF-2C6412181E81}.Release|Any CPU.Build.0 = Release|Any CPU
	EndGlobalSection
	GlobalSection(SolutionProperties) = preSolution
		HideSolutionNode = FALSE
	EndGlobalSection
	GlobalSection(ExtensibilityGlobals) = postSolution
		SolutionGuid = {7739A3C5-3FD8-4804-848F-8B2888B8F084}
	EndGlobalSection
EndGlobal
